
Microsoft Visual Studio Solution File, Format Version 12.00
# Visual Studio 15
VisualStudioVersion = 15.0.28307.757
MinimumVisualStudioVersion = 10.0.40219.1
Project("{9A19103F-16F7-4668-BE54-9A1E7A4F7556}") = "MathLibrary", "MathLibrary\MathLibrary.csproj", "{0910ACD3-3B8A-4E67-B047-BB20E9EBDC3B}"
EndProject
Project("{9A19103F-16F7-4668-BE54-9A1E7A4F7556}") = "MathLibraryUnitTests", "MathLibraryUnitTests\MathLibraryUnitTests.csproj", "{8FD85882-3672-4695-B90E-7A2FE0526C66}"
EndProject
Global
	GlobalSection(SolutionConfigurationPlatforms) = preSolution
		Debug|Any CPU = Debug|Any CPU
		Release|Any CPU = Release|Any CPU
	EndGlobalSection
	GlobalSection(ProjectConfigurationPlatforms) = postSolution
		{0910ACD3-3B8A-4E67-B047-BB20E9EBDC3B}.Debug|Any CPU.ActiveCfg = Debug|Any CPU
		{0910ACD3-3B8A-4E67-B047-BB20E9EBDC3B}.Debug|Any CPU.Build.0 = Debug|Any CPU
		{0910ACD3-3B8A-4E67-B047-BB20E9EBDC3B}.Release|Any CPU.ActiveCfg = Release|Any CPU
		{0910ACD3-3B8A-4E67-B047-BB20E9EBDC3B}.Release|Any CPU.Build.0 = Release|Any CPU
		{8FD85882-3672-4695-B90E-7A2FE0526C66}.Debug|Any CPU.ActiveCfg = Debug|Any CPU
		{8FD85882-3672-4695-B90E-7A2FE0526C66}.Debug|Any CPU.Build.0 = Debug|Any CPU
		{8FD85882-3672-4695-B90E-7A2FE0526C66}.Release|Any CPU.ActiveCfg = Release|Any CPU
		{8FD85882-3672-4695-B90E-7A2FE0526C66}.Release|Any CPU.Build.0 = Release|Any CPU
	EndGlobalSection
	GlobalSection(SolutionProperties) = preSolution
		HideSolutionNode = FALSE
	EndGlobalSection
	GlobalSection(ExtensibilityGlobals) = postSolution
		SolutionGuid = {18601B46-309C-4340-AFB6-B41F710D7989}
	EndGlobalSection
EndGlobal
